
Microsoft Visual Studio Solution File, Format Version 12.00
# Visual Studio Version 17
VisualStudioVersion = 17.12.35707.178 d17.12
MinimumVisualStudioVersion = 10.0.40219.1
Project("{8BC9CEB8-8B4A-11D0-8D11-00A0C91BC942}") = "megavon", "megavon\megavon.vcxproj", "{0303144E-D33C-4673-848D-C01CDD9E2B66}"
EndProject
Global
	GlobalSection(SolutionConfigurationPlatforms) = preSolution
		Debug|ARM = Debug|ARM
		Debug|ARM64 = Debug|ARM64
		Release|ARM = Release|ARM
		Release|ARM64 = Release|ARM64
	EndGlobalSection
	GlobalSection(ProjectConfigurationPlatforms) = postSolution
		{0303144E-D33C-4673-848D-C01CDD9E2B66}.Debug|ARM.ActiveCfg = Debug|ARM
		{0303144E-D33C-4673-848D-C01CDD9E2B66}.Debug|ARM.Build.0 = Debug|ARM
		{0303144E-D33C-4673-848D-C01CDD9E2B66}.Debug|ARM.Deploy.0 = Debug|ARM
		{0303144E-D33C-4673-848D-C01CDD9E2B66}.Debug|ARM64.ActiveCfg = Debug|ARM64
		{0303144E-D33C-4673-848D-C01CDD9E2B66}.Debug|ARM64.Build.0 = Debug|ARM64
		{0303144E-D33C-4673-848D-C01CDD9E2B66}.Debug|ARM64.Deploy.0 = Debug|ARM64
		{0303144E-D33C-4673-848D-C01CDD9E2B66}.Release|ARM.ActiveCfg = Release|ARM
		{0303144E-D33C-4673-848D-C01CDD9E2B66}.Release|ARM.Build.0 = Release|ARM
		{0303144E-D33C-4673-848D-C01CDD9E2B66}.Release|ARM.Deploy.0 = Release|ARM
		{0303144E-D33C-4673-848D-C01CDD9E2B66}.Release|ARM64.ActiveCfg = Release|ARM64
		{0303144E-D33C-4673-848D-C01CDD9E2B66}.Release|ARM64.Build.0 = Release|ARM64
		{0303144E-D33C-4673-848D-C01CDD9E2B66}.Release|ARM64.Deploy.0 = Release|ARM64
	EndGlobalSection
	GlobalSection(SolutionProperties) = preSolution
		HideSolutionNode = FALSE
	EndGlobalSection
EndGlobal
